
Microsoft Visual Studio Solution File, Format Version 12.00
# Visual Studio Version 16
VisualStudioVersion = 16.0.29006.145
MinimumVisualStudioVersion = 10.0.40219.1
Project("{FAE04EC0-301F-11D3-BF4B-00C04F79EFBC}") = "ConsoleApp1", "ConsoleApp1.csproj", "{D5D6812F-81D5-4712-AB73-5BBD5BC06C44}"
EndProject
Global
	GlobalSection(SolutionConfigurationPlatforms) = preSolution
		Debug|Any CPU = Debug|Any CPU
		Release|Any CPU = Release|Any CPU
	EndGlobalSection
	GlobalSection(ProjectConfigurationPlatforms) = postSolution
		{D5D6812F-81D5-4712-AB73-5BBD5BC06C44}.Debug|Any CPU.ActiveCfg = Debug|Any CPU
		{D5D6812F-81D5-4712-AB73-5BBD5BC06C44}.Debug|Any CPU.Build.0 = Debug|Any CPU
		{D5D6812F-81D5-4712-AB73-5BBD5BC06C44}.Release|Any CPU.ActiveCfg = Release|Any CPU
		{D5D6812F-81D5-4712-AB73-5BBD5BC06C44}.Release|Any CPU.Build.0 = Release|Any CPU
	EndGlobalSection
	GlobalSection(SolutionProperties) = preSolution
		HideSolutionNode = FALSE
	EndGlobalSection
	GlobalSection(ExtensibilityGlobals) = postSolution
		SolutionGuid = {7801AB55-D3AC-4BAC-9A6D-15671ACE7F4C}
	EndGlobalSection
EndGlobal
